
Microsoft Visual Studio Solution File, Format Version 12.00
# Visual Studio Version 17
VisualStudioVersion = 17.5.33502.453
MinimumVisualStudioVersion = 10.0.40219.1
Project("{FAE04EC0-301F-11D3-BF4B-00C04F79EFBC}") = "MvcApiTokenEmpleados", "MvcApiTokenEmpleados\MvcApiTokenEmpleados.csproj", "{122EEE04-DC87-401C-BD19-C7AAF8ADB5C0}"
EndProject
Global
	GlobalSection(SolutionConfigurationPlatforms) = preSolution
		Debug|Any CPU = Debug|Any CPU
		Release|Any CPU = Release|Any CPU
	EndGlobalSection
	GlobalSection(ProjectConfigurationPlatforms) = postSolution
		{122EEE04-DC87-401C-BD19-C7AAF8ADB5C0}.Debug|Any CPU.ActiveCfg = Debug|Any CPU
		{122EEE04-DC87-401C-BD19-C7AAF8ADB5C0}.Debug|Any CPU.Build.0 = Debug|Any CPU
		{122EEE04-DC87-401C-BD19-C7AAF8ADB5C0}.Release|Any CPU.ActiveCfg = Release|Any CPU
		{122EEE04-DC87-401C-BD19-C7AAF8ADB5C0}.Release|Any CPU.Build.0 = Release|Any CPU
	EndGlobalSection
	GlobalSection(SolutionProperties) = preSolution
		HideSolutionNode = FALSE
	EndGlobalSection
	GlobalSection(ExtensibilityGlobals) = postSolution
		SolutionGuid = {A48C9C57-6C72-4F46-9D2E-128751A7A7EC}
	EndGlobalSection
EndGlobal
